
Microsoft Visual Studio Solution File, Format Version 12.00
# Visual Studio Version 17
VisualStudioVersion = 17.8.34330.188
MinimumVisualStudioVersion = 10.0.40219.1
Project("{FAE04EC0-301F-11D3-BF4B-00C04F79EFBC}") = "CursoLinq", "CursoLinq.csproj", "{0A74C663-3B67-44EB-9A4C-FE6022990864}"
EndProject
Global
	GlobalSection(SolutionConfigurationPlatforms) = preSolution
		Debug|Any CPU = Debug|Any CPU
		Release|Any CPU = Release|Any CPU
	EndGlobalSection
	GlobalSection(ProjectConfigurationPlatforms) = postSolution
		{0A74C663-3B67-44EB-9A4C-FE6022990864}.Debug|Any CPU.ActiveCfg = Debug|Any CPU
		{0A74C663-3B67-44EB-9A4C-FE6022990864}.Debug|Any CPU.Build.0 = Debug|Any CPU
		{0A74C663-3B67-44EB-9A4C-FE6022990864}.Release|Any CPU.ActiveCfg = Release|Any CPU
		{0A74C663-3B67-44EB-9A4C-FE6022990864}.Release|Any CPU.Build.0 = Release|Any CPU
	EndGlobalSection
	GlobalSection(SolutionProperties) = preSolution
		HideSolutionNode = FALSE
	EndGlobalSection
	GlobalSection(ExtensibilityGlobals) = postSolution
		SolutionGuid = {2EB622C3-673F-4A87-ABC6-91DC78C1CEBA}
	EndGlobalSection
EndGlobal
